
Microsoft Visual Studio Solution File, Format Version 12.00
# Visual Studio 15
VisualStudioVersion = 15.0.26228.4
MinimumVisualStudioVersion = 10.0.40219.1
Project("{E24C65DC-7377-472B-9ABA-BC803B73C61A}") = "info-manage-system(1)", ".", "{6BCC76DD-C4AC-48CF-B129-649278A7F900}"
	ProjectSection(WebsiteProperties) = preProject
		TargetFrameworkMoniker = ".NETFramework,Version%3Dv4.0"
		Debug.AspNetCompiler.VirtualPath = "/localhost_4782"
		Debug.AspNetCompiler.PhysicalPath = "E:\git\info-manage-system\"
		Debug.AspNetCompiler.TargetPath = "PrecompiledWeb\localhost_4782\"
		Debug.AspNetCompiler.Updateable = "true"
		Debug.AspNetCompiler.ForceOverwrite = "true"
		Debug.AspNetCompiler.FixedNames = "false"
		Debug.AspNetCompiler.Debug = "True"
		Release.AspNetCompiler.VirtualPath = "/localhost_4782"
		Release.AspNetCompiler.PhysicalPath = "E:\git\info-manage-system\"
		Release.AspNetCompiler.TargetPath = "PrecompiledWeb\localhost_4782\"
		Release.AspNetCompiler.Updateable = "true"
		Release.AspNetCompiler.ForceOverwrite = "true"
		Release.AspNetCompiler.FixedNames = "false"
		Release.AspNetCompiler.Debug = "False"
		VWDPort = "4782"
	EndProjectSection
EndProject
Global
	GlobalSection(SolutionConfigurationPlatforms) = preSolution
		Debug|Any CPU = Debug|Any CPU
	EndGlobalSection
	GlobalSection(ProjectConfigurationPlatforms) = postSolution
		{6BCC76DD-C4AC-48CF-B129-649278A7F900}.Debug|Any CPU.ActiveCfg = Debug|Any CPU
		{6BCC76DD-C4AC-48CF-B129-649278A7F900}.Debug|Any CPU.Build.0 = Debug|Any CPU
	EndGlobalSection
	GlobalSection(SolutionProperties) = preSolution
		HideSolutionNode = FALSE
	EndGlobalSection
EndGlobal
